
Microsoft Visual Studio Solution File, Format Version 12.00
# Visual Studio 15
VisualStudioVersion = 15.0.28307.271
MinimumVisualStudioVersion = 10.0.40219.1
Project("{9A19103F-16F7-4668-BE54-9A1E7A4F7556}") = "WeatherStationApi", "WeatherStationApi\WeatherStationApi.csproj", "{4C76616E-AE8B-46DF-846F-8D5BA0C6B2A5}"
EndProject
Project("{FAE04EC0-301F-11D3-BF4B-00C04F79EFBC}") = "Data", "Data\Data.csproj", "{D6C1BD56-56AD-461F-A201-870CA10963F9}"
EndProject
Project("{FAE04EC0-301F-11D3-BF4B-00C04F79EFBC}") = "Models", "Models\Models.csproj", "{CE1FCF24-F75C-49D0-86F4-61DC2D138B1C}"
EndProject
Project("{FAE04EC0-301F-11D3-BF4B-00C04F79EFBC}") = "Services", "Services\Services.csproj", "{F4D526D3-C585-496A-B390-058BBF198FDB}"
EndProject
Global
	GlobalSection(SolutionConfigurationPlatforms) = preSolution
		Debug|Any CPU = Debug|Any CPU
		Release|Any CPU = Release|Any CPU
	EndGlobalSection
	GlobalSection(ProjectConfigurationPlatforms) = postSolution
		{4C76616E-AE8B-46DF-846F-8D5BA0C6B2A5}.Debug|Any CPU.ActiveCfg = Debug|Any CPU
		{4C76616E-AE8B-46DF-846F-8D5BA0C6B2A5}.Debug|Any CPU.Build.0 = Debug|Any CPU
		{4C76616E-AE8B-46DF-846F-8D5BA0C6B2A5}.Release|Any CPU.ActiveCfg = Release|Any CPU
		{4C76616E-AE8B-46DF-846F-8D5BA0C6B2A5}.Release|Any CPU.Build.0 = Release|Any CPU
		{D6C1BD56-56AD-461F-A201-870CA10963F9}.Debug|Any CPU.ActiveCfg = Debug|Any CPU
		{D6C1BD56-56AD-461F-A201-870CA10963F9}.Debug|Any CPU.Build.0 = Debug|Any CPU
		{D6C1BD56-56AD-461F-A201-870CA10963F9}.Release|Any CPU.ActiveCfg = Release|Any CPU
		{D6C1BD56-56AD-461F-A201-870CA10963F9}.Release|Any CPU.Build.0 = Release|Any CPU
		{CE1FCF24-F75C-49D0-86F4-61DC2D138B1C}.Debug|Any CPU.ActiveCfg = Debug|Any CPU
		{CE1FCF24-F75C-49D0-86F4-61DC2D138B1C}.Debug|Any CPU.Build.0 = Debug|Any CPU
		{CE1FCF24-F75C-49D0-86F4-61DC2D138B1C}.Release|Any CPU.ActiveCfg = Release|Any CPU
		{CE1FCF24-F75C-49D0-86F4-61DC2D138B1C}.Release|Any CPU.Build.0 = Release|Any CPU
		{F4D526D3-C585-496A-B390-058BBF198FDB}.Debug|Any CPU.ActiveCfg = Debug|Any CPU
		{F4D526D3-C585-496A-B390-058BBF198FDB}.Debug|Any CPU.Build.0 = Debug|Any CPU
		{F4D526D3-C585-496A-B390-058BBF198FDB}.Release|Any CPU.ActiveCfg = Release|Any CPU
		{F4D526D3-C585-496A-B390-058BBF198FDB}.Release|Any CPU.Build.0 = Release|Any CPU
	EndGlobalSection
	GlobalSection(SolutionProperties) = preSolution
		HideSolutionNode = FALSE
	EndGlobalSection
	GlobalSection(ExtensibilityGlobals) = postSolution
		SolutionGuid = {D7291DFC-BBAC-43C1-9217-1CFB0F6E00BD}
	EndGlobalSection
EndGlobal
